
Microsoft Visual Studio Solution File, Format Version 12.00
# Visual Studio Version 16
VisualStudioVersion = 16.0.29418.71
MinimumVisualStudioVersion = 10.0.40219.1
Project("{8BC9CEB8-8B4A-11D0-8D11-00A0C91BC942}") = "proejctA_1900002653_2000006890", "proejctA_1900002653_2000006890\proejctA_1900002653_2000006890.vcxproj", "{7197338C-8BCD-49BD-8DA9-E9ED0596D9FC}"
EndProject
Global
	GlobalSection(SolutionConfigurationPlatforms) = preSolution
		Debug|x64 = Debug|x64
		Debug|x86 = Debug|x86
		Release|x64 = Release|x64
		Release|x86 = Release|x86
	EndGlobalSection
	GlobalSection(ProjectConfigurationPlatforms) = postSolution
		{7197338C-8BCD-49BD-8DA9-E9ED0596D9FC}.Debug|x64.ActiveCfg = Debug|x64
		{7197338C-8BCD-49BD-8DA9-E9ED0596D9FC}.Debug|x64.Build.0 = Debug|x64
		{7197338C-8BCD-49BD-8DA9-E9ED0596D9FC}.Debug|x86.ActiveCfg = Debug|Win32
		{7197338C-8BCD-49BD-8DA9-E9ED0596D9FC}.Debug|x86.Build.0 = Debug|Win32
		{7197338C-8BCD-49BD-8DA9-E9ED0596D9FC}.Release|x64.ActiveCfg = Release|x64
		{7197338C-8BCD-49BD-8DA9-E9ED0596D9FC}.Release|x64.Build.0 = Release|x64
		{7197338C-8BCD-49BD-8DA9-E9ED0596D9FC}.Release|x86.ActiveCfg = Release|Win32
		{7197338C-8BCD-49BD-8DA9-E9ED0596D9FC}.Release|x86.Build.0 = Release|Win32
	EndGlobalSection
	GlobalSection(SolutionProperties) = preSolution
		HideSolutionNode = FALSE
	EndGlobalSection
	GlobalSection(ExtensibilityGlobals) = postSolution
		SolutionGuid = {2013E43C-5A79-44FB-A482-D3BDA9840787}
	EndGlobalSection
EndGlobal
